
Microsoft Visual Studio Solution File, Format Version 12.00
# Visual Studio Version 16
VisualStudioVersion = 16.0.33423.256
MinimumVisualStudioVersion = 10.0.40219.1
Project("{FAE04EC0-301F-11D3-BF4B-00C04F79EFBC}") = "Contact Manager API", "Contact Manager API\Contact Manager API.csproj", "{8202848F-40BA-4372-9C15-2BCC4382C581}"
EndProject
Global
	GlobalSection(SolutionConfigurationPlatforms) = preSolution
		Debug|Any CPU = Debug|Any CPU
		Release|Any CPU = Release|Any CPU
	EndGlobalSection
	GlobalSection(ProjectConfigurationPlatforms) = postSolution
		{8202848F-40BA-4372-9C15-2BCC4382C581}.Debug|Any CPU.ActiveCfg = Debug|Any CPU
		{8202848F-40BA-4372-9C15-2BCC4382C581}.Debug|Any CPU.Build.0 = Debug|Any CPU
		{8202848F-40BA-4372-9C15-2BCC4382C581}.Release|Any CPU.ActiveCfg = Release|Any CPU
		{8202848F-40BA-4372-9C15-2BCC4382C581}.Release|Any CPU.Build.0 = Release|Any CPU
	EndGlobalSection
	GlobalSection(SolutionProperties) = preSolution
		HideSolutionNode = FALSE
	EndGlobalSection
	GlobalSection(ExtensibilityGlobals) = postSolution
		SolutionGuid = {B5F07634-2664-47BE-8B65-71C949130DFF}
	EndGlobalSection
EndGlobal
